PODS:
  - Kingfisher (4.7.0)
  - TwitterCore (3.1.0)
  - TwitterKit (3.3.0):
    - TwitterCore (>= 3.1.0)

DEPENDENCIES:
  - Kingfisher (~> 4.0)
  - TwitterKit

SPEC REPOS:
  https://github.com/cocoapods/specs.git:
    - Kingfisher
    - TwitterCore
    - TwitterKit

SPEC CHECKSUMS:
  Kingfisher: da6b005aa96d37698e3e4f1ccfe96a5b9bbf27d6
  TwitterCore: 644d59e75abccb26cf0a9050d2c4dea0e5412241
  TwitterKit: a2e60ddcedbf54091eac6f27685ca7a87681e1d7

PODFILE CHECKSUM: cd763faacda256022e82fae9bedd49f9b9e7e23f

COCOAPODS: 1.5.2
